// !$*UTF8*$!
{
	archiveVersion = 1;
	classes = {
	};
	objectVersion = 50;
	objects = {

/* Begin PBXBuildFile section */
		E29B9B992387E483009084E3 /* AppDelegate.swift in Sources */ = {isa = PBXBuildFile; fileRef = E29B9B982387E483009084E3 /* AppDelegate.swift */; };
		E29B9B9B2387E483009084E3 /* SceneDelegate.swift in Sources */ = {isa = PBXBuildFile; fileRef = E29B9B9A2387E483009084E3 /* SceneDelegate.swift */; };
		E29B9B9D2387E483009084E3 /* ViewController.swift in Sources */ = {isa = PBXBuildFile; fileRef = E29B9B9C2387E483009084E3 /* ViewController.swift */; };
		E29B9BA02387E483009084E3 /* Main.storyboard in Resources */ = {isa = PBXBuildFile; fileRef = E29B9B9E2387E483009084E3 /* Main.storyboard */; };
		E29B9BA22387E484009084E3 /* Assets.xcassets in Resources */ = {isa = PBXBuildFile; fileRef = E29B9BA12387E484009084E3 /* Assets.xcassets */; };
		E29B9BA52387E484009084E3 /* LaunchScreen.storyboard in Resources */ = {isa = PBXBuildFile; fileRef = E29B9BA32387E484009084E3 /* LaunchScreen.storyboard */; };
		E29B9BB02387E484009084E3 /* KeodozTests.swift in Sources */ = {isa = PBXBuildFile; fileRef = E29B9BAF2387E484009084E3 /* KeodozTests.swift */; };
		E29B9BBB2387E484009084E3 /* KeodozUITests.swift in Sources */ = {isa = PBXBuildFile; fileRef = E29B9BBA2387E484009084E3 /* KeodozUITests.swift */; };
/* End PBXBuildFile section */

/* Begin PBXContainerItemProxy section */
		E29B9BAC2387E484009084E3 /* PBXContainerItemProxy */ = {
			isa = PBXContainerItemProxy;
			containerPortal = E29B9B8D2387E483009084E3 /* Project object */;
			proxyType = 1;
			remoteGlobalIDString = E29B9B942387E483009084E3;
			remoteInfo = Keodoz;
		};
		E29B9BB72387E484009084E3 /* PBXContainerItemProxy */ = {
			isa = PBXContainerItemProxy;
			containerPortal = E29B9B8D2387E483009084E3 /* Project object */;
			proxyType = 1;
			remoteGlobalIDString = E29B9B942387E483009084E3;
			remoteInfo = Keodoz;
		};
/* End PBXContainerItemProxy section */

/* Begin PBXFileReference section */
		E29B9B952387E483009084E3 /* Keodoz.app */ = {isa = PBXFileReference; explicitFileType = wrapper.application; includeInIndex = 0; path = Keodoz.app; sourceTree = BUILT_PRODUCTS_DIR; };
		E29B9B982387E483009084E3 /* AppDelegate.swift */ = {isa = PBXFileReference; lastKnownFileType = sourcecode.swift; path = AppDelegate.swift; sourceTree = "<group>"; };
		E29B9B9A2387E483009084E3 /* SceneDelegate.swift */ = {isa = PBXFileReference; lastKnownFileType = sourcecode.swift; path = SceneDelegate.swift; sourceTree = "<group>"; };
		E29B9B9C2387E483009084E3 /* ViewController.swift */ = {isa = PBXFileReference; lastKnownFileType = sourcecode.swift; path = ViewController.swift; sourceTree = "<group>"; };
		E29B9B9F2387E483009084E3 /* Base */ = {isa = PBXFileReference; lastKnownFileType = file.storyboard; name = Base; path = Base.lproj/Main.storyboard; sourceTree = "<group>"; };
		E29B9BA12387E484009084E3 /* Assets.xcassets */ = {isa = PBXFileReference; lastKnownFileType = folder.assetcatalog; path = Assets.xcassets; sourceTree = "<group>"; };
		E29B9BA42387E484009084E3 /* Base */ = {isa = PBXFileReference; lastKnownFileType = file.storyboard; name = Base; path = Base.lproj/LaunchScreen.storyboard; sourceTree = "<group>"; };
		E29B9BA62387E484009084E3 /* Info.plist */ = {isa = PBXFileReference; lastKnownFileType = text.plist.xml; path = Info.plist; sourceTree = "<group>"; };
		E29B9BAB2387E484009084E3 /* KeodozTests.xctest */ = {isa = PBXFileReference; explicitFileType = wrapper.cfbundle; includeInIndex = 0; path = KeodozTests.xctest; sourceTree = BUILT_PRODUCTS_DIR; };
		E29B9BAF2387E484009084E3 /* KeodozTests.swift */ = {isa = PBXFileReference; lastKnownFileType = sourcecode.swift; path = KeodozTests.swift; sourceTree = "<group>"; };
		E29B9BB12387E484009084E3 /* Info.plist */ = {isa = PBXFileReference; lastKnownFileType = text.plist.xml; path = Info.plist; sourceTree = "<group>"; };
		E29B9BB62387E484009084E3 /* KeodozUITests.xctest */ = {isa = PBXFileReference; explicitFileType = wrapper.cfbundle; includeInIndex = 0; path = KeodozUITests.xctest; sourceTree = BUILT_PRODUCTS_DIR; };
		E29B9BBA2387E484009084E3 /* KeodozUITests.swift */ = {isa = PBXFileReference; lastKnownFileType = sourcecode.swift; path = KeodozUITests.swift; sourceTree = "<group>"; };
		E29B9BBC2387E484009084E3 /* Info.plist */ = {isa = PBXFileReference; lastKnownFileType = text.plist.xml; path = Info.plist; sourceTree = "<group>"; };
/* End PBXFileReference section */

/* Begin PBXFrameworksBuildPhase section */
		E29B9B922387E483009084E3 /* Frameworks */ = {
			isa = PBXFrameworksBuildPhase;
			buildActionMask = 2147483647;
			files = (
			);
			runOnlyForDeploymentPostprocessing = 0;
		};
		E29B9BA82387E484009084E3 /* Frameworks */ = {
			isa = PBXFrameworksBuildPhase;
			buildActionMask = 2147483647;
			files = (
			);
			runOnlyForDeploymentPostprocessing = 0;
		};
		E29B9BB32387E484009084E3 /* Frameworks */ = {
			isa = PBXFrameworksBuildPhase;
			buildActionMask = 2147483647;
			files = (
			);
			runOnlyForDeploymentPostprocessing = 0;
		};
/* End PBXFrameworksBuildPhase section */

/* Begin PBXGroup section */
		E29B9B8C2387E483009084E3 = {
			isa = PBXGroup;
			children = (
				E29B9B972387E483009084E3 /* Keodoz */,
				E29B9BAE2387E484009084E3 /* KeodozTests */,
				E29B9BB92387E484009084E3 /* KeodozUITests */,
				E29B9B962387E483009084E3 /* Products */,
			);
			sourceTree = "<group>";
		};
		E29B9B962387E483009084E3 /* Products */ = {
			isa = PBXGroup;
			children = (
				E29B9B952387E483009084E3 /* Keodoz.app */,
				E29B9BAB2387E484009084E3 /* KeodozTests.xctest */,
				E29B9BB62387E484009084E3 /* KeodozUITests.xctest */,
			);
			name = Products;
			sourceTree = "<group>";
		};
		E29B9B972387E483009084E3 /* Keodoz */ = {
			isa = PBXGroup;
			children = (
				E29B9B982387E483009084E3 /* AppDelegate.swift */,
				E29B9B9A2387E483009084E3 /* SceneDelegate.swift */,
				E29B9B9C2387E483009084E3 /* ViewController.swift */,
				E29B9B9E2387E483009084E3 /* Main.storyboard */,
				E29B9BA12387E484009084E3 /* Assets.xcassets */,
				E29B9BA32387E484009084E3 /* LaunchScreen.storyboard */,
				E29B9BA62387E484009084E3 /* Info.plist */,
			);
			path = Keodoz;
			sourceTree = "<group>";
		};
		E29B9BAE2387E484009084E3 /* KeodozTests */ = {
			isa = PBXGroup;
			children = (
				E29B9BAF2387E484009084E3 /* KeodozTests.swift */,
				E29B9BB12387E484009084E3 /* Info.plist */,
			);
			path = KeodozTests;
			sourceTree = "<group>";
		};
		E29B9BB92387E484009084E3 /* KeodozUITests */ = {
			isa = PBXGroup;
			children = (
				E29B9BBA2387E484009084E3 /* KeodozUITests.swift */,
				E29B9BBC2387E484009084E3 /* Info.plist */,
			);
			path = KeodozUITests;
			sourceTree = "<group>";
		};
/* End PBXGroup section */

/* Begin PBXNativeTarget section */
		E29B9B942387E483009084E3 /* Keodoz */ = {
			isa = PBXNativeTarget;
			buildConfigurationList = E29B9BBF2387E484009084E3 /* Build configuration list for PBXNativeTarget "Keodoz" */;
			buildPhases = (
				E29B9B912387E483009084E3 /* Sources */,
				E29B9B922387E483009084E3 /* Frameworks */,
				E29B9B932387E483009084E3 /* Resources */,
			);
			buildRules = (
			);
			dependencies = (
			);
			name = Keodoz;
			productName = Keodoz;
			productReference = E29B9B952387E483009084E3 /* Keodoz.app */;
			productType = "com.apple.product-type.application";
		};
		E29B9BAA2387E484009084E3 /* KeodozTests */ = {
			isa = PBXNativeTarget;
			buildConfigurationList = E29B9BC22387E484009084E3 /* Build configuration list for PBXNativeTarget "KeodozTests" */;
			buildPhases = (
				E29B9BA72387E484009084E3 /* Sources */,
				E29B9BA82387E484009084E3 /* Frameworks */,
				E29B9BA92387E484009084E3 /* Resources */,
			);
			buildRules = (
			);
			dependencies = (
				E29B9BAD2387E484009084E3 /* PBXTargetDependency */,
			);
			name = KeodozTests;
			productName = KeodozTests;
			productReference = E29B9BAB2387E484009084E3 /* KeodozTests.xctest */;
			productType = "com.apple.product-type.bundle.unit-test";
		};
		E29B9BB52387E484009084E3 /* KeodozUITests */ = {
			isa = PBXNativeTarget;
			buildConfigurationList = E29B9BC52387E484009084E3 /* Build configuration list for PBXNativeTarget "KeodozUITests" */;
			buildPhases = (
				E29B9BB22387E484009084E3 /* Sources */,
				E29B9BB32387E484009084E3 /* Frameworks */,
				E29B9BB42387E484009084E3 /* Resources */,
			);
			buildRules = (
			);
			dependencies = (
				E29B9BB82387E484009084E3 /* PBXTargetDependency */,
			);
			name = KeodozUITests;
			productName = KeodozUITests;
			productReference = E29B9BB62387E484009084E3 /* KeodozUITests.xctest */;
			productType = "com.apple.product-type.bundle.ui-testing";
		};
/* End PBXNativeTarget section */

/* Begin PBXProject section */
		E29B9B8D2387E483009084E3 /* Project object */ = {
			isa = PBXProject;
			attributes = {
				LastSwiftUpdateCheck = 1120;
				LastUpgradeCheck = 1120;
				ORGANIZATIONNAME = "Ahmed Durrani";
				TargetAttributes = {
					E29B9B942387E483009084E3 = {
						CreatedOnToolsVersion = 11.2.1;
					};
					E29B9BAA2387E484009084E3 = {
						CreatedOnToolsVersion = 11.2.1;
						TestTargetID = E29B9B942387E483009084E3;
					};
					E29B9BB52387E484009084E3 = {
						CreatedOnToolsVersion = 11.2.1;
						TestTargetID = E29B9B942387E483009084E3;
					};
				};
			};
			buildConfigurationList = E29B9B902387E483009084E3 /* Build configuration list for PBXProject "Keodoz" */;
			compatibilityVersion = "Xcode 9.3";
			developmentRegion = en;
			hasScannedForEncodings = 0;
			knownRegions = (
				en,
				Base,
			);
			mainGroup = E29B9B8C2387E483009084E3;
			productRefGroup = E29B9B962387E483009084E3 /* Products */;
			projectDirPath = "";
			projectRoot = "";
			targets = (
				E29B9B942387E483009084E3 /* Keodoz */,
				E29B9BAA2387E484009084E3 /* KeodozTests */,
				E29B9BB52387E484009084E3 /* KeodozUITests */,
			);
		};
/* End PBXProject section */

/* Begin PBXResourcesBuildPhase section */
		E29B9B932387E483009084E3 /* Resources */ = {
			isa = PBXResourcesBuildPhase;
			buildActionMask = 2147483647;
			files = (
				E29B9BA52387E484009084E3 /* LaunchScreen.storyboard in Resources */,
				E29B9BA22387E484009084E3 /* Assets.xcassets in Resources */,
				E29B9BA02387E483009084E3 /* Main.storyboard in Resources */,
			);
			runOnlyForDeploymentPostprocessing = 0;
		};
		E29B9BA92387E484009084E3 /* Resources */ = {
			isa = PBXResourcesBuildPhase;
			buildActionMask = 2147483647;
			files = (
			);
			runOnlyForDeploymentPostprocessing = 0;
		};
		E29B9BB42387E484009084E3 /* Resources */ = {
			isa = PBXResourcesBuildPhase;
			buildActionMask = 2147483647;
			files = (
			);
			runOnlyForDeploymentPostprocessing = 0;
		};
/* End PBXResourcesBuildPhase section */

/* Begin PBXSourcesBuildPhase section */
		E29B9B912387E483009084E3 /* Sources */ = {
			isa = PBXSourcesBuildPhase;
			buildActionMask = 2147483647;
			files = (
				E29B9B9D2387E483009084E3 /* ViewController.swift in Sources */,
				E29B9B992387E483009084E3 /* AppDelegate.swift in Sources */,
				E29B9B9B2387E483009084E3 /* SceneDelegate.swift in Sources */,
			);
			runOnlyForDeploymentPostprocessing = 0;
		};
		E29B9BA72387E484009084E3 /* Sources */ = {
			isa = PBXSourcesBuildPhase;
			buildActionMask = 2147483647;
			files = (
				E29B9BB02387E484009084E3 /* KeodozTests.swift in Sources */,
			);
			runOnlyForDeploymentPostprocessing = 0;
		};
		E29B9BB22387E484009084E3 /* Sources */ = {
			isa = PBXSourcesBuildPhase;
			buildActionMask = 2147483647;
			files = (
				E29B9BBB2387E484009084E3 /* KeodozUITests.swift in Sources */,
			);
			runOnlyForDeploymentPostprocessing = 0;
		};
/* End PBXSourcesBuildPhase section */

/* Begin PBXTargetDependency section */
		E29B9BAD2387E484009084E3 /* PBXTargetDependency */ = {
			isa = PBXTargetDependency;
			target = E29B9B942387E483009084E3 /* Keodoz */;
			targetProxy = E29B9BAC2387E484009084E3 /* PBXContainerItemProxy */;
		};
		E29B9BB82387E484009084E3 /* PBXTargetDependency */ = {
			isa = PBXTargetDependency;
			target = E29B9B942387E483009084E3 /* Keodoz */;
			targetProxy = E29B9BB72387E484009084E3 /* PBXContainerItemProxy */;
		};
/* End PBXTargetDependency section */

/* Begin PBXVariantGroup section */
		E29B9B9E2387E483009084E3 /* Main.storyboard */ = {
			isa = PBXVariantGroup;
			children = (
				E29B9B9F2387E483009084E3 /* Base */,
			);
			name = Main.storyboard;
			sourceTree = "<group>";
		};
		E29B9BA32387E484009084E3 /* LaunchScreen.storyboard */ = {
			isa = PBXVariantGroup;
			children = (
				E29B9BA42387E484009084E3 /* Base */,
			);
			name = LaunchScreen.storyboard;
			sourceTree = "<group>";
		};
/* End PBXVariantGroup section */

/* Begin XCBuildConfiguration section */
		E29B9BBD2387E484009084E3 /* Debug */ = {
			isa = XCBuildConfiguration;
			buildSettings = {
				ALWAYS_SEARCH_USER_PATHS = NO;
				CLANG_ANALYZER_NONNULL = YES;
				CLANG_ANALYZER_NUMBER_OBJECT_CONVERSION = YES_AGGRESSIVE;
				CLANG_CXX_LANGUAGE_STANDARD = "gnu++14";
				CLANG_CXX_LIBRARY = "libc++";
				CLANG_ENABLE_MODULES = YES;
				CLANG_ENABLE_OBJC_ARC = YES;
				CLANG_ENABLE_OBJC_WEAK = YES;
				CLANG_WARN_BLOCK_CAPTURE_AUTORELEASING = YES;
				CLANG_WARN_BOOL_CONVERSION = YES;
				CLANG_WARN_COMMA = YES;
				CLANG_WARN_CONSTANT_CONVERSION = YES;
				CLANG_WARN_DEPRECATED_OBJC_IMPLEMENTATIONS = YES;
				CLANG_WARN_DIRECT_OBJC_ISA_USAGE = YES_ERROR;
				CLANG_WARN_DOCUMENTATION_COMMENTS = YES;
				CLANG_WARN_EMPTY_BODY = YES;
				CLANG_WARN_ENUM_CONVERSION = YES;
				CLANG_WARN_INFINITE_RECURSION = YES;
				CLANG_WARN_INT_CONVERSION = YES;
				CLANG_WARN_NON_LITERAL_NULL_CONVERSION = YES;
				CLANG_WARN_OBJC_IMPLICIT_RETAIN_SELF = YES;
				CLANG_WARN_OBJC_LITERAL_CONVERSION = YES;
				CLANG_WARN_OBJC_ROOT_CLASS = YES_ERROR;
				CLANG_WARN_RANGE_LOOP_ANALYSIS = YES;
				CLANG_WARN_STRICT_PROTOTYPES = YES;
				CLANG_WARN_SUSPICIOUS_MOVE = YES;
				CLANG_WARN_UNGUARDED_AVAILABILITY = YES_AGGRESSIVE;
				CLANG_WARN_UNREACHABLE_CODE = YES;
				CLANG_WARN__DUPLICATE_METHOD_MATCH = YES;
				COPY_PHASE_STRIP = NO;
				DEBUG_INFORMATION_FORMAT = dwarf;
				ENABLE_STRICT_OBJC_MSGSEND = YES;
				ENABLE_TESTABILITY = YES;
				GCC_C_LANGUAGE_STANDARD = gnu11;
				GCC_DYNAMIC_NO_PIC = NO;
				GCC_NO_COMMON_BLOCKS = YES;
				GCC_OPTIMIZATION_LEVEL = 0;
				GCC_PREPROCESSOR_DEFINITIONS = (
					"DEBUG=1",
					"$(inherited)",
				);
				GCC_WARN_64_TO_32_BIT_CONVERSION = YES;
				GCC_WARN_ABOUT_RETURN_TYPE = YES_ERROR;
				GCC_WARN_UNDECLARED_SELECTOR = YES;
				GCC_WARN_UNINITIALIZED_AUTOS = YES_AGGRESSIVE;
				GCC_WARN_UNUSED_FUNCTION = YES;
				GCC_WARN_UNUSED_VARIABLE = YES;
				IPHONEOS_DEPLOYMENT_TARGET = 13.2;
				MTL_ENABLE_DEBUG_INFO = INCLUDE_SOURCE;
				MTL_FAST_MATH = YES;
				ONLY_ACTIVE_ARCH = YES;
				SDKROOT = iphoneos;
				SWIFT_ACTIVE_COMPILATION_CONDITIONS = DEBUG;
				SWIFT_OPTIMIZATION_LEVEL = "-Onone";
			};
			name = Debug;
		};
		E29B9BBE2387E484009084E3 /* Release */ = {
			isa = XCBuildConfiguration;
			buildSettings = {
				ALWAYS_SEARCH_USER_PATHS = NO;
				CLANG_ANALYZER_NONNULL = YES;
				CLANG_ANALYZER_NUMBER_OBJECT_CONVERSION = YES_AGGRESSIVE;
				CLANG_CXX_LANGUAGE_STANDARD = "gnu++14";
				CLANG_CXX_LIBRARY = "libc++";
				CLANG_ENABLE_MODULES = YES;
				CLANG_ENABLE_OBJC_ARC = YES;
				CLANG_ENABLE_OBJC_WEAK = YES;
				CLANG_WARN_BLOCK_CAPTURE_AUTORELEASING = YES;
				CLANG_WARN_BOOL_CONVERSION = YES;
				CLANG_WARN_COMMA = YES;
				CLANG_WARN_CONSTANT_CONVERSION = YES;
				CLANG_WARN_DEPRECATED_OBJC_IMPLEMENTATIONS = YES;
				CLANG_WARN_DIRECT_OBJC_ISA_USAGE = YES_ERROR;
				CLANG_WARN_DOCUMENTATION_COMMENTS = YES;
				CLANG_WARN_EMPTY_BODY = YES;
				CLANG_WARN_ENUM_CONVERSION = YES;
				CLANG_WARN_INFINITE_RECURSION = YES;
				CLANG_WARN_INT_CONVERSION = YES;
				CLANG_WARN_NON_LITERAL_NULL_CONVERSION = YES;
				CLANG_WARN_OBJC_IMPLICIT_RETAIN_SELF = YES;
				CLANG_WARN_OBJC_LITERAL_CONVERSION = YES;
				CLANG_WARN_OBJC_ROOT_CLASS = YES_ERROR;
				CLANG_WARN_RANGE_LOOP_ANALYSIS = YES;
				CLANG_WARN_STRICT_PROTOTYPES = YES;
				CLANG_WARN_SUSPICIOUS_MOVE = YES;
				CLANG_WARN_UNGUARDED_AVAILABILITY = YES_AGGRESSIVE;
				CLANG_WARN_UNREACHABLE_CODE = YES;
				CLANG_WARN__DUPLICATE_METHOD_MATCH = YES;
				COPY_PHASE_STRIP = NO;
				DEBUG_INFORMATION_FORMAT = "dwarf-with-dsym";
				ENABLE_NS_ASSERTIONS = NO;
				ENABLE_STRICT_OBJC_MSGSEND = YES;
				GCC_C_LANGUAGE_STANDARD = gnu11;
				GCC_NO_COMMON_BLOCKS = YES;
				GCC_WARN_64_TO_32_BIT_CONVERSION = YES;
				GCC_WARN_ABOUT_RETURN_TYPE = YES_ERROR;
				GCC_WARN_UNDECLARED_SELECTOR = YES;
				GCC_WARN_UNINITIALIZED_AUTOS = YES_AGGRESSIVE;
				GCC_WARN_UNUSED_FUNCTION = YES;
				GCC_WARN_UNUSED_VARIABLE = YES;
				IPHONEOS_DEPLOYMENT_TARGET = 13.2;
				MTL_ENABLE_DEBUG_INFO = NO;
				MTL_FAST_MATH = YES;
				SDKROOT = iphoneos;
				SWIFT_COMPILATION_MODE = wholemodule;
				SWIFT_OPTIMIZATION_LEVEL = "-O";
				VALIDATE_PRODUCT = YES;
			};
			name = Release;
		};
		E29B9BC02387E484009084E3 /* Debug */ = {
			isa = XCBuildConfiguration;
			buildSettings = {
				ASSETCATALOG_COMPILER_APPICON_NAME = AppIcon;
				CODE_SIGN_STYLE = Automatic;
				INFOPLIST_FILE = Keodoz/Info.plist;
				LD_RUNPATH_SEARCH_PATHS = (
					"$(inherited)",
					"@executable_path/Frameworks",
				);
				PRODUCT_BUNDLE_IDENTIFIER = techEase.Keodoz;
				PRODUCT_NAME = "$(TARGET_NAME)";
				SWIFT_VERSION = 5.0;
				TARGETED_DEVICE_FAMILY = "1,2";
			};
			name = Debug;
		};
		E29B9BC12387E484009084E3 /* Release */ = {
			isa = XCBuildConfiguration;
			buildSettings = {
				ASSETCATALOG_COMPILER_APPICON_NAME = AppIcon;
				CODE_SIGN_STYLE = Automatic;
				INFOPLIST_FILE = Keodoz/Info.plist;
				LD_RUNPATH_SEARCH_PATHS = (
					"$(inherited)",
					"@executable_path/Frameworks",
				);
				PRODUCT_BUNDLE_IDENTIFIER = techEase.Keodoz;
				PRODUCT_NAME = "$(TARGET_NAME)";
				SWIFT_VERSION = 5.0;
				TARGETED_DEVICE_FAMILY = "1,2";
			};
			name = Release;
		};
		E29B9BC32387E484009084E3 /* Debug */ = {
			isa = XCBuildConfiguration;
			buildSettings = {
				ALWAYS_EMBED_SWIFT_STANDARD_LIBRARIES = YES;
				BUNDLE_LOADER = "$(TEST_HOST)";
				CODE_SIGN_STYLE = Automatic;
				INFOPLIST_FILE = KeodozTests/Info.plist;
				IPHONEOS_DEPLOYMENT_TARGET = 13.2;
				LD_RUNPATH_SEARCH_PATHS = (
					"$(inherited)",
					"@executable_path/Frameworks",
					"@loader_path/Frameworks",
				);
				PRODUCT_BUNDLE_IDENTIFIER = techEase.KeodozTests;
				PRODUCT_NAME = "$(TARGET_NAME)";
				SWIFT_VERSION = 5.0;
				TARGETED_DEVICE_FAMILY = "1,2";
				TEST_HOST = "$(BUILT_PRODUCTS_DIR)/Keodoz.app/Keodoz";
			};
			name = Debug;
		};
		E29B9BC42387E484009084E3 /* Release */ = {
			isa = XCBuildConfiguration;
			buildSettings = {
				ALWAYS_EMBED_SWIFT_STANDARD_LIBRARIES = YES;
				BUNDLE_LOADER = "$(TEST_HOST)";
				CODE_SIGN_STYLE = Automatic;
				INFOPLIST_FILE = KeodozTests/Info.plist;
				IPHONEOS_DEPLOYMENT_TARGET = 13.2;
				LD_RUNPATH_SEARCH_PATHS = (
					"$(inherited)",
					"@executable_path/Frameworks",
					"@loader_path/Frameworks",
				);
				PRODUCT_BUNDLE_IDENTIFIER = techEase.KeodozTests;
				PRODUCT_NAME = "$(TARGET_NAME)";
				SWIFT_VERSION = 5.0;
				TARGETED_DEVICE_FAMILY = "1,2";
				TEST_HOST = "$(BUILT_PRODUCTS_DIR)/Keodoz.app/Keodoz";
			};
			name = Release;
		};
		E29B9BC62387E484009084E3 /* Debug */ = {
			isa = XCBuildConfiguration;
			buildSettings = {
				ALWAYS_EMBED_SWIFT_STANDARD_LIBRARIES = YES;
				CODE_SIGN_STYLE = Automatic;
				INFOPLIST_FILE = KeodozUITests/Info.plist;
				LD_RUNPATH_SEARCH_PATHS = (
					"$(inherited)",
					"@executable_path/Frameworks",
					"@loader_path/Frameworks",
				);
				PRODUCT_BUNDLE_IDENTIFIER = techEase.KeodozUITests;
				PRODUCT_NAME = "$(TARGET_NAME)";
				SWIFT_VERSION = 5.0;
				TARGETED_DEVICE_FAMILY = "1,2";
				TEST_TARGET_NAME = Keodoz;
			};
			name = Debug;
		};
		E29B9BC72387E484009084E3 /* Release */ = {
			isa = XCBuildConfiguration;
			buildSettings = {
				ALWAYS_EMBED_SWIFT_STANDARD_LIBRARIES = YES;
				CODE_SIGN_STYLE = Automatic;
				INFOPLIST_FILE = KeodozUITests/Info.plist;
				LD_RUNPATH_SEARCH_PATHS = (
					"$(inherited)",
					"@executable_path/Frameworks",
					"@loader_path/Frameworks",
				);
				PRODUCT_BUNDLE_IDENTIFIER = techEase.KeodozUITests;
				PRODUCT_NAME = "$(TARGET_NAME)";
				SWIFT_VERSION = 5.0;
				TARGETED_DEVICE_FAMILY = "1,2";
				TEST_TARGET_NAME = Keodoz;
			};
			name = Release;
		};
/* End XCBuildConfiguration section */

/* Begin XCConfigurationList section */
		E29B9B902387E483009084E3 /* Build configuration list for PBXProject "Keodoz" */ = {
			isa = XCConfigurationList;
			buildConfigurations = (
				E29B9BBD2387E484009084E3 /* Debug */,
				E29B9BBE2387E484009084E3 /* Release */,
			);
			defaultConfigurationIsVisible = 0;
			defaultConfigurationName = Release;
		};
		E29B9BBF2387E484009084E3 /* Build configuration list for PBXNativeTarget "Keodoz" */ = {
			isa = XCConfigurationList;
			buildConfigurations = (
				E29B9BC02387E484009084E3 /* Debug */,
				E29B9BC12387E484009084E3 /* Release */,
			);
			defaultConfigurationIsVisible = 0;
			defaultConfigurationName = Release;
		};
		E29B9BC22387E484009084E3 /* Build configuration list for PBXNativeTarget "KeodozTests" */ = {
			isa = XCConfigurationList;
			buildConfigurations = (
				E29B9BC32387E484009084E3 /* Debug */,
				E29B9BC42387E484009084E3 /* Release */,
			);
			defaultConfigurationIsVisible = 0;
			defaultConfigurationName = Release;
		};
		E29B9BC52387E484009084E3 /* Build configuration list for PBXNativeTarget "KeodozUITests" */ = {
			isa = XCConfigurationList;
			buildConfigurations = (
				E29B9BC62387E484009084E3 /* Debug */,
				E29B9BC72387E484009084E3 /* Release */,
			);
			defaultConfigurationIsVisible = 0;
			defaultConfigurationName = Release;
		};
/* End XCConfigurationList section */
	};
	rootObject = E29B9B8D2387E483009084E3 /* Project object */;
}
